
Microsoft Visual Studio Solution File, Format Version 12.00
# Visual Studio 2017
Project("{FAE04EC0-301F-11D3-BF4B-00C04F79EFBC}") = "worms_unity", "worms_unity.csproj", "{8E4AF3EA-D5CD-8F34-267D-DDE02E85EA7E}"
EndProject
Project("{FAE04EC0-301F-11D3-BF4B-00C04F79EFBC}") = "worms_unity.Editor", "worms_unity.Editor.csproj", "{3E88A29C-31F4-A6C8-7A49-722FE6542AD9}"
EndProject
Global
	GlobalSection(SolutionConfigurationPlatforms) = preSolution
		Debug|Any CPU = Debug|Any CPU
		Release|Any CPU = Release|Any CPU
	EndGlobalSection
	GlobalSection(ProjectConfigurationPlatforms) = postSolution
		{8E4AF3EA-D5CD-8F34-267D-DDE02E85EA7E}.Debug|Any CPU.ActiveCfg = Debug|Any CPU
		{8E4AF3EA-D5CD-8F34-267D-DDE02E85EA7E}.Debug|Any CPU.Build.0 = Debug|Any CPU
		{8E4AF3EA-D5CD-8F34-267D-DDE02E85EA7E}.Release|Any CPU.ActiveCfg = Release|Any CPU
		{8E4AF3EA-D5CD-8F34-267D-DDE02E85EA7E}.Release|Any CPU.Build.0 = Release|Any CPU
		{3E88A29C-31F4-A6C8-7A49-722FE6542AD9}.Debug|Any CPU.ActiveCfg = Debug|Any CPU
		{3E88A29C-31F4-A6C8-7A49-722FE6542AD9}.Debug|Any CPU.Build.0 = Debug|Any CPU
		{3E88A29C-31F4-A6C8-7A49-722FE6542AD9}.Release|Any CPU.ActiveCfg = Release|Any CPU
		{3E88A29C-31F4-A6C8-7A49-722FE6542AD9}.Release|Any CPU.Build.0 = Release|Any CPU
	EndGlobalSection
	GlobalSection(SolutionProperties) = preSolution
		HideSolutionNode = FALSE
	EndGlobalSection
EndGlobal
